// !$*UTF8*$!
{
	archiveVersion = 1;
	classes = {
	};
	objectVersion = 46;
	objects = {

/* Begin PBXBuildFile section */
		8FCEC0A6E963B0C2A9C9D947 /* Pods_IBIZI.framework in Frameworks */ = {isa = PBXBuildFile; fileRef = 7D4B0D39AC772F9593CC4F2B /* Pods_IBIZI.framework */; };
		BC9709681E25579400264050 /* main.swift in Sources */ = {isa = PBXBuildFile; fileRef = BC9709671E25579400264050 /* main.swift */; };
		BC97096F1E2557D600264050 /* FileWorker.swift in Sources */ = {isa = PBXBuildFile; fileRef = BC97096E1E2557D600264050 /* FileWorker.swift */; };
		BC9709711E255EF400264050 /* Generators.swift in Sources */ = {isa = PBXBuildFile; fileRef = BC9709701E255EF400264050 /* Generators.swift */; };
		BCA0D2C51E2D227C00129260 /* KeyGenerator.swift in Sources */ = {isa = PBXBuildFile; fileRef = BCA0D2C41E2D227C00129260 /* KeyGenerator.swift */; };
		BCCDF6E91E296F7100A153F2 /* Coder.swift in Sources */ = {isa = PBXBuildFile; fileRef = BCCDF6E81E296F7100A153F2 /* Coder.swift */; };
		BCCDF6EB1E2B844E00A153F2 /* BlockEncryption.swift in Sources */ = {isa = PBXBuildFile; fileRef = BCCDF6EA1E2B844E00A153F2 /* BlockEncryption.swift */; };
		BCCDF6ED1E2B8D1400A153F2 /* BitOperations.swift in Sources */ = {isa = PBXBuildFile; fileRef = BCCDF6EC1E2B8D1400A153F2 /* BitOperations.swift */; };
/* End PBXBuildFile section */

/* Begin PBXCopyFilesBuildPhase section */
		BC9709621E25579400264050 /* CopyFiles */ = {
			isa = PBXCopyFilesBuildPhase;
			buildActionMask = 2147483647;
			dstPath = /usr/share/man/man1/;
			dstSubfolderSpec = 0;
			files = (
			);
			runOnlyForDeploymentPostprocessing = 1;
		};
/* End PBXCopyFilesBuildPhase section */

/* Begin PBXFileReference section */
		3F17D4814A15C3BD7ACAA6FA /* Pods-IBIZI.release.xcconfig */ = {isa = PBXFileReference; includeInIndex = 1; lastKnownFileType = text.xcconfig; name = "Pods-IBIZI.release.xcconfig"; path = "Pods/Target Support Files/Pods-IBIZI/Pods-IBIZI.release.xcconfig"; sourceTree = "<group>"; };
		7D4B0D39AC772F9593CC4F2B /* Pods_IBIZI.framework */ = {isa = PBXFileReference; explicitFileType = wrapper.framework; includeInIndex = 0; path = Pods_IBIZI.framework; sourceTree = BUILT_PRODUCTS_DIR; };
		BC5D2D91FE0269607BF3EAAF /* Pods-IBIZI.debug.xcconfig */ = {isa = PBXFileReference; includeInIndex = 1; lastKnownFileType = text.xcconfig; name = "Pods-IBIZI.debug.xcconfig"; path = "Pods/Target Support Files/Pods-IBIZI/Pods-IBIZI.debug.xcconfig"; sourceTree = "<group>"; };
		BC9709641E25579400264050 /* IBIZI */ = {isa = PBXFileReference; explicitFileType = "compiled.mach-o.executable"; includeInIndex = 0; path = IBIZI; sourceTree = BUILT_PRODUCTS_DIR; };
		BC9709671E25579400264050 /* main.swift */ = {isa = PBXFileReference; lastKnownFileType = sourcecode.swift; path = main.swift; sourceTree = "<group>"; };
		BC97096E1E2557D600264050 /* FileWorker.swift */ = {isa = PBXFileReference; fileEncoding = 4; lastKnownFileType = sourcecode.swift; path = FileWorker.swift; sourceTree = "<group>"; };
		BC9709701E255EF400264050 /* Generators.swift */ = {isa = PBXFileReference; fileEncoding = 4; lastKnownFileType = sourcecode.swift; path = Generators.swift; sourceTree = "<group>"; };
		BCA0D2C41E2D227C00129260 /* KeyGenerator.swift */ = {isa = PBXFileReference; fileEncoding = 4; lastKnownFileType = sourcecode.swift; path = KeyGenerator.swift; sourceTree = "<group>"; };
		BCCDF6E81E296F7100A153F2 /* Coder.swift */ = {isa = PBXFileReference; fileEncoding = 4; lastKnownFileType = sourcecode.swift; path = Coder.swift; sourceTree = "<group>"; };
		BCCDF6EA1E2B844E00A153F2 /* BlockEncryption.swift */ = {isa = PBXFileReference; fileEncoding = 4; lastKnownFileType = sourcecode.swift; path = BlockEncryption.swift; sourceTree = "<group>"; };
		BCCDF6EC1E2B8D1400A153F2 /* BitOperations.swift */ = {isa = PBXFileReference; fileEncoding = 4; lastKnownFileType = sourcecode.swift; path = BitOperations.swift; sourceTree = "<group>"; };
/* End PBXFileReference section */

/* Begin PBXFrameworksBuildPhase section */
		BC9709611E25579400264050 /* Frameworks */ = {
			isa = PBXFrameworksBuildPhase;
			buildActionMask = 2147483647;
			files = (
				8FCEC0A6E963B0C2A9C9D947 /* Pods_IBIZI.framework in Frameworks */,
			);
			runOnlyForDeploymentPostprocessing = 0;
		};
/* End PBXFrameworksBuildPhase section */

/* Begin PBXGroup section */
		68A959A76E4F7C3204A900A7 /* Frameworks */ = {
			isa = PBXGroup;
			children = (
				7D4B0D39AC772F9593CC4F2B /* Pods_IBIZI.framework */,
			);
			name = Frameworks;
			sourceTree = "<group>";
		};
		BC97095B1E25579400264050 = {
			isa = PBXGroup;
			children = (
				BC9709661E25579400264050 /* IBIZI */,
				BC9709651E25579400264050 /* Products */,
				D4D4B56A3C17DEA9C8CB7DFE /* Pods */,
				68A959A76E4F7C3204A900A7 /* Frameworks */,
			);
			sourceTree = "<group>";
		};
		BC9709651E25579400264050 /* Products */ = {
			isa = PBXGroup;
			children = (
				BC9709641E25579400264050 /* IBIZI */,
			);
			name = Products;
			sourceTree = "<group>";
		};
		BC9709661E25579400264050 /* IBIZI */ = {
			isa = PBXGroup;
			children = (
				BC9709671E25579400264050 /* main.swift */,
				BC97096E1E2557D600264050 /* FileWorker.swift */,
				BC9709701E255EF400264050 /* Generators.swift */,
				BCCDF6E81E296F7100A153F2 /* Coder.swift */,
				BCCDF6EA1E2B844E00A153F2 /* BlockEncryption.swift */,
				BCCDF6EC1E2B8D1400A153F2 /* BitOperations.swift */,
				BCA0D2C41E2D227C00129260 /* KeyGenerator.swift */,
			);
			path = IBIZI;
			sourceTree = "<group>";
		};
		D4D4B56A3C17DEA9C8CB7DFE /* Pods */ = {
			isa = PBXGroup;
			children = (
				BC5D2D91FE0269607BF3EAAF /* Pods-IBIZI.debug.xcconfig */,
				3F17D4814A15C3BD7ACAA6FA /* Pods-IBIZI.release.xcconfig */,
			);
			name = Pods;
			sourceTree = "<group>";
		};
/* End PBXGroup section */

/* Begin PBXNativeTarget section */
		BC9709631E25579400264050 /* IBIZI */ = {
			isa = PBXNativeTarget;
			buildConfigurationList = BC97096B1E25579400264050 /* Build configuration list for PBXNativeTarget "IBIZI" */;
			buildPhases = (
				8C6EC8B9C956A2337148685F /* [CP] Check Pods Manifest.lock */,
				BC9709601E25579400264050 /* Sources */,
				BC9709611E25579400264050 /* Frameworks */,
				BC9709621E25579400264050 /* CopyFiles */,
				87C100E6FCC8D808AE659BF5 /* [CP] Copy Pods Resources */,
			);
			buildRules = (
			);
			dependencies = (
			);
			name = IBIZI;
			productName = IBIZI;
			productReference = BC9709641E25579400264050 /* IBIZI */;
			productType = "com.apple.product-type.tool";
		};
/* End PBXNativeTarget section */

/* Begin PBXProject section */
		BC97095C1E25579400264050 /* Project object */ = {
			isa = PBXProject;
			attributes = {
				LastSwiftUpdateCheck = 0810;
				LastUpgradeCheck = 0810;
				ORGANIZATIONNAME = robolife;
				TargetAttributes = {
					BC9709631E25579400264050 = {
						CreatedOnToolsVersion = 8.1;
						DevelopmentTeam = Z3FVD2PY4W;
						ProvisioningStyle = Automatic;
					};
				};
			};
			buildConfigurationList = BC97095F1E25579400264050 /* Build configuration list for PBXProject "IBIZI" */;
			compatibilityVersion = "Xcode 3.2";
			developmentRegion = English;
			hasScannedForEncodings = 0;
			knownRegions = (
				en,
			);
			mainGroup = BC97095B1E25579400264050;
			productRefGroup = BC9709651E25579400264050 /* Products */;
			projectDirPath = "";
			projectRoot = "";
			targets = (
				BC9709631E25579400264050 /* IBIZI */,
			);
		};
/* End PBXProject section */

/* Begin PBXShellScriptBuildPhase section */
		87C100E6FCC8D808AE659BF5 /* [CP] Copy Pods Resources */ = {
			isa = PBXShellScriptBuildPhase;
			buildActionMask = 2147483647;
			files = (
			);
			inputPaths = (
			);
			name = "[CP] Copy Pods Resources";
			outputPaths = (
			);
			runOnlyForDeploymentPostprocessing = 0;
			shellPath = /bin/sh;
			shellScript = "\"${SRCROOT}/Pods/Target Support Files/Pods-IBIZI/Pods-IBIZI-resources.sh\"\n";
			showEnvVarsInLog = 0;
		};
		8C6EC8B9C956A2337148685F /* [CP] Check Pods Manifest.lock */ = {
			isa = PBXShellScriptBuildPhase;
			buildActionMask = 2147483647;
			files = (
			);
			inputPaths = (
			);
			name = "[CP] Check Pods Manifest.lock";
			outputPaths = (
			);
			runOnlyForDeploymentPostprocessing = 0;
			shellPath = /bin/sh;
			shellScript = "diff \"${PODS_ROOT}/../Podfile.lock\" \"${PODS_ROOT}/Manifest.lock\" > /dev/null\nif [ $? != 0 ] ; then\n    # print error to STDERR\n    echo \"error: The sandbox is not in sync with the Podfile.lock. Run 'pod install' or update your CocoaPods installation.\" >&2\n    exit 1\nfi\n";
			showEnvVarsInLog = 0;
		};
/* End PBXShellScriptBuildPhase section */

/* Begin PBXSourcesBuildPhase section */
		BC9709601E25579400264050 /* Sources */ = {
			isa = PBXSourcesBuildPhase;
			buildActionMask = 2147483647;
			files = (
				BC97096F1E2557D600264050 /* FileWorker.swift in Sources */,
				BCCDF6EB1E2B844E00A153F2 /* BlockEncryption.swift in Sources */,
				BC9709681E25579400264050 /* main.swift in Sources */,
				BC9709711E255EF400264050 /* Generators.swift in Sources */,
				BCCDF6E91E296F7100A153F2 /* Coder.swift in Sources */,
				BCCDF6ED1E2B8D1400A153F2 /* BitOperations.swift in Sources */,
				BCA0D2C51E2D227C00129260 /* KeyGenerator.swift in Sources */,
			);
			runOnlyForDeploymentPostprocessing = 0;
		};
/* End PBXSourcesBuildPhase section */

/* Begin XCBuildConfiguration section */
		BC9709691E25579400264050 /* Debug */ = {
			isa = XCBuildConfiguration;
			buildSettings = {
				ALWAYS_SEARCH_USER_PATHS = NO;
				CLANG_ANALYZER_NONNULL = YES;
				CLANG_CXX_LANGUAGE_STANDARD = "gnu++0x";
				CLANG_CXX_LIBRARY = "libc++";
				CLANG_ENABLE_MODULES = YES;
				CLANG_ENABLE_OBJC_ARC = YES;
				CLANG_WARN_BOOL_CONVERSION = YES;
				CLANG_WARN_CONSTANT_CONVERSION = YES;
				CLANG_WARN_DIRECT_OBJC_ISA_USAGE = YES_ERROR;
				CLANG_WARN_DOCUMENTATION_COMMENTS = YES;
				CLANG_WARN_EMPTY_BODY = YES;
				CLANG_WARN_ENUM_CONVERSION = YES;
				CLANG_WARN_INFINITE_RECURSION = YES;
				CLANG_WARN_INT_CONVERSION = YES;
				CLANG_WARN_OBJC_ROOT_CLASS = YES_ERROR;
				CLANG_WARN_SUSPICIOUS_MOVES = YES;
				CLANG_WARN_UNREACHABLE_CODE = YES;
				CLANG_WARN__DUPLICATE_METHOD_MATCH = YES;
				CODE_SIGN_IDENTITY = "-";
				COPY_PHASE_STRIP = NO;
				DEBUG_INFORMATION_FORMAT = dwarf;
				ENABLE_STRICT_OBJC_MSGSEND = YES;
				ENABLE_TESTABILITY = YES;
				GCC_C_LANGUAGE_STANDARD = gnu99;
				GCC_DYNAMIC_NO_PIC = NO;
				GCC_NO_COMMON_BLOCKS = YES;
				GCC_OPTIMIZATION_LEVEL = 0;
				GCC_PREPROCESSOR_DEFINITIONS = (
					"DEBUG=1",
					"$(inherited)",
				);
				GCC_WARN_64_TO_32_BIT_CONVERSION = YES;
				GCC_WARN_ABOUT_RETURN_TYPE = YES_ERROR;
				GCC_WARN_UNDECLARED_SELECTOR = YES;
				GCC_WARN_UNINITIALIZED_AUTOS = YES_AGGRESSIVE;
				GCC_WARN_UNUSED_FUNCTION = YES;
				GCC_WARN_UNUSED_VARIABLE = YES;
				MACOSX_DEPLOYMENT_TARGET = 10.11;
				MTL_ENABLE_DEBUG_INFO = YES;
				ONLY_ACTIVE_ARCH = YES;
				SDKROOT = macosx;
				SWIFT_OPTIMIZATION_LEVEL = "-Onone";
			};
			name = Debug;
		};
		BC97096A1E25579400264050 /* Release */ = {
			isa = XCBuildConfiguration;
			buildSettings = {
				ALWAYS_SEARCH_USER_PATHS = NO;
				CLANG_ANALYZER_NONNULL = YES;
				CLANG_CXX_LANGUAGE_STANDARD = "gnu++0x";
				CLANG_CXX_LIBRARY = "libc++";
				CLANG_ENABLE_MODULES = YES;
				CLANG_ENABLE_OBJC_ARC = YES;
				CLANG_WARN_BOOL_CONVERSION = YES;
				CLANG_WARN_CONSTANT_CONVERSION = YES;
				CLANG_WARN_DIRECT_OBJC_ISA_USAGE = YES_ERROR;
				CLANG_WARN_DOCUMENTATION_COMMENTS = YES;
				CLANG_WARN_EMPTY_BODY = YES;
				CLANG_WARN_ENUM_CONVERSION = YES;
				CLANG_WARN_INFINITE_RECURSION = YES;
				CLANG_WARN_INT_CONVERSION = YES;
				CLANG_WARN_OBJC_ROOT_CLASS = YES_ERROR;
				CLANG_WARN_SUSPICIOUS_MOVES = YES;
				CLANG_WARN_UNREACHABLE_CODE = YES;
				CLANG_WARN__DUPLICATE_METHOD_MATCH = YES;
				CODE_SIGN_IDENTITY = "-";
				COPY_PHASE_STRIP = NO;
				DEBUG_INFORMATION_FORMAT = "dwarf-with-dsym";
				ENABLE_NS_ASSERTIONS = NO;
				ENABLE_STRICT_OBJC_MSGSEND = YES;
				GCC_C_LANGUAGE_STANDARD = gnu99;
				GCC_NO_COMMON_BLOCKS = YES;
				GCC_WARN_64_TO_32_BIT_CONVERSION = YES;
				GCC_WARN_ABOUT_RETURN_TYPE = YES_ERROR;
				GCC_WARN_UNDECLARED_SELECTOR = YES;
				GCC_WARN_UNINITIALIZED_AUTOS = YES_AGGRESSIVE;
				GCC_WARN_UNUSED_FUNCTION = YES;
				GCC_WARN_UNUSED_VARIABLE = YES;
				MACOSX_DEPLOYMENT_TARGET = 10.11;
				MTL_ENABLE_DEBUG_INFO = NO;
				SDKROOT = macosx;
			};
			name = Release;
		};
		BC97096C1E25579400264050 /* Debug */ = {
			isa = XCBuildConfiguration;
			baseConfigurationReference = BC5D2D91FE0269607BF3EAAF /* Pods-IBIZI.debug.xcconfig */;
			buildSettings = {
				DEVELOPMENT_TEAM = Z3FVD2PY4W;
				PRODUCT_NAME = "$(TARGET_NAME)";
				SWIFT_VERSION = 3.0;
			};
			name = Debug;
		};
		BC97096D1E25579400264050 /* Release */ = {
			isa = XCBuildConfiguration;
			baseConfigurationReference = 3F17D4814A15C3BD7ACAA6FA /* Pods-IBIZI.release.xcconfig */;
			buildSettings = {
				DEVELOPMENT_TEAM = Z3FVD2PY4W;
				PRODUCT_NAME = "$(TARGET_NAME)";
				SWIFT_VERSION = 3.0;
			};
			name = Release;
		};
/* End XCBuildConfiguration section */

/* Begin XCConfigurationList section */
		BC97095F1E25579400264050 /* Build configuration list for PBXProject "IBIZI" */ = {
			isa = XCConfigurationList;
			buildConfigurations = (
				BC9709691E25579400264050 /* Debug */,
				BC97096A1E25579400264050 /* Release */,
			);
			defaultConfigurationIsVisible = 0;
			defaultConfigurationName = Release;
		};
		BC97096B1E25579400264050 /* Build configuration list for PBXNativeTarget "IBIZI" */ = {
			isa = XCConfigurationList;
			buildConfigurations = (
				BC97096C1E25579400264050 /* Debug */,
				BC97096D1E25579400264050 /* Release */,
			);
			defaultConfigurationIsVisible = 0;
			defaultConfigurationName = Release;
		};
/* End XCConfigurationList section */
	};
	rootObject = BC97095C1E25579400264050 /* Project object */;
}
